// !$*UTF8*$!
{
	archiveVersion = 1;
	classes = {
	};
	objectVersion = 46;
	objects = {

/* Begin PBXBuildFile section */
		1E09382D1EB5B61E000B6900 /* hamburger02.gif in Resources */ = {isa = PBXBuildFile; fileRef = 1E09382C1EB5B61E000B6900 /* hamburger02.gif */; };
		1E372CED1ECB442900C5B4E2 /* OneDayViewController.swift in Sources */ = {isa = PBXBuildFile; fileRef = 1E372CEC1ECB442900C5B4E2 /* OneDayViewController.swift */; };
		1E372CEF1ECB4DCB00C5B4E2 /* ごみ箱のフリーアイコン.png in Resources */ = {isa = PBXBuildFile; fileRef = 1E372CEE1ECB4DCB00C5B4E2 /* ごみ箱のフリーアイコン.png */; };
		1E65E71B1EC8783E00AE9162 /* ClasstableViewController.swift in Sources */ = {isa = PBXBuildFile; fileRef = 1E65E71A1EC8783E00AE9162 /* ClasstableViewController.swift */; };
		1E65E71D1EC8881100AE9162 /* ClasstableCollectionViewCell.swift in Sources */ = {isa = PBXBuildFile; fileRef = 1E65E71C1EC8881100AE9162 /* ClasstableCollectionViewCell.swift */; };
		1E7E33341EDAFC05004938FC /* 3.5inch.storyboard in Resources */ = {isa = PBXBuildFile; fileRef = 1E7E33331EDAFC05004938FC /* 3.5inch.storyboard */; };
		1E7E333A1EDB1BD4004938FC /* StoryboardHelper.swift in Sources */ = {isa = PBXBuildFile; fileRef = 1E7E33391EDB1BD4004938FC /* StoryboardHelper.swift */; };
		1EC324CF1EB4599A001E5AE9 /* AppDelegate.swift in Sources */ = {isa = PBXBuildFile; fileRef = 1EC324CE1EB4599A001E5AE9 /* AppDelegate.swift */; };
		1EC324D61EB4599A001E5AE9 /* Assets.xcassets in Resources */ = {isa = PBXBuildFile; fileRef = 1EC324D51EB4599A001E5AE9 /* Assets.xcassets */; };
		1EC324E41EB4599A001E5AE9 /* OriginalTests.swift in Sources */ = {isa = PBXBuildFile; fileRef = 1EC324E31EB4599A001E5AE9 /* OriginalTests.swift */; };
		1EC324EF1EB4599A001E5AE9 /* OriginalUITests.swift in Sources */ = {isa = PBXBuildFile; fileRef = 1EC324EE1EB4599A001E5AE9 /* OriginalUITests.swift */; };
		1EC324FD1EB459DE001E5AE9 /* RootViewController.swift in Sources */ = {isa = PBXBuildFile; fileRef = 1EC324FC1EB459DE001E5AE9 /* RootViewController.swift */; };
		1EC324FF1EB459F2001E5AE9 /* ContentViewController.swift in Sources */ = {isa = PBXBuildFile; fileRef = 1EC324FE1EB459F2001E5AE9 /* ContentViewController.swift */; };
		1EC325011EB45A0B001E5AE9 /* RegisterViewController.swift in Sources */ = {isa = PBXBuildFile; fileRef = 1EC325001EB45A0B001E5AE9 /* RegisterViewController.swift */; };
		1EC325031EB45A69001E5AE9 /* MenuViewController.swift in Sources */ = {isa = PBXBuildFile; fileRef = 1EC325021EB45A69001E5AE9 /* MenuViewController.swift */; };
		1EC325051EB45F36001E5AE9 /* menuButton.png in Resources */ = {isa = PBXBuildFile; fileRef = 1EC325041EB45F36001E5AE9 /* menuButton.png */; };
		1EC325071EB45FF0001E5AE9 /* CalenderCellCollectionViewCell.swift in Sources */ = {isa = PBXBuildFile; fileRef = 1EC325061EB45FF0001E5AE9 /* CalenderCellCollectionViewCell.swift */; };
		1EC325091EB46120001E5AE9 /* DateManager.swift in Sources */ = {isa = PBXBuildFile; fileRef = 1EC325081EB46120001E5AE9 /* DateManager.swift */; };
		1EE6584B1ECD471A008F6395 /* Castom.swift in Sources */ = {isa = PBXBuildFile; fileRef = 1EE6584A1ECD471A008F6395 /* Castom.swift */; };
		1EE6584F1ECD492B008F6395 /* TrashTableViewController.swift in Sources */ = {isa = PBXBuildFile; fileRef = 1EE6584E1ECD492B008F6395 /* TrashTableViewController.swift */; };
		1EE889631EB47792003B330E /* DetailDayViewController.swift in Sources */ = {isa = PBXBuildFile; fileRef = 1EE889621EB47792003B330E /* DetailDayViewController.swift */; };
		1EEA9C941EBEF54D00F0C826 /* TableViewController.swift in Sources */ = {isa = PBXBuildFile; fileRef = 1EEA9C931EBEF54D00F0C826 /* TableViewController.swift */; };
		1EEA9C961EBEF60600F0C826 /* CreateViewController.swift in Sources */ = {isa = PBXBuildFile; fileRef = 1EEA9C951EBEF60600F0C826 /* CreateViewController.swift */; };
		1EEE65DA1ECDE73600D882FD /* icon.png in Resources */ = {isa = PBXBuildFile; fileRef = 1EEE65D91ECDE73600D882FD /* icon.png */; };
		1EEE65DC1ECDEB1100D882FD /* DetailClassViewController.swift in Sources */ = {isa = PBXBuildFile; fileRef = 1EEE65DB1ECDEB1100D882FD /* DetailClassViewController.swift */; };
		1EF0BE151EC9DD300066660C /* Main.storyboard in Resources */ = {isa = PBXBuildFile; fileRef = 1EF0BE131EC9DD300066660C /* Main.storyboard */; };
		4C6863C1B3BA847BE435D564 /* Pods_OriginalUITests.framework in Frameworks */ = {isa = PBXBuildFile; fileRef = BB6F103D67302BF68EC50825 /* Pods_OriginalUITests.framework */; };
		9BD02A2A52EE2FE9540D8C49 /* Pods_OriginalTests.framework in Frameworks */ = {isa = PBXBuildFile; fileRef = A299F2A3F5BB5A735D78EC34 /* Pods_OriginalTests.framework */; };
		AEE14D83C3C44CACB89AD3CC /* Pods_Original.framework in Frameworks */ = {isa = PBXBuildFile; fileRef = 2AA25DFAE5E46FE83CA375CB /* Pods_Original.framework */; };
/* End PBXBuildFile section */

/* Begin PBXContainerItemProxy section */
		1EC324E01EB4599A001E5AE9 /* PBXContainerItemProxy */ = {
			isa = PBXContainerItemProxy;
			containerPortal = 1EC324C31EB4599A001E5AE9 /* Project object */;
			proxyType = 1;
			remoteGlobalIDString = 1EC324CA1EB4599A001E5AE9;
			remoteInfo = Original;
		};
		1EC324EB1EB4599A001E5AE9 /* PBXContainerItemProxy */ = {
			isa = PBXContainerItemProxy;
			containerPortal = 1EC324C31EB4599A001E5AE9 /* Project object */;
			proxyType = 1;
			remoteGlobalIDString = 1EC324CA1EB4599A001E5AE9;
			remoteInfo = Original;
		};
/* End PBXContainerItemProxy section */

/* Begin PBXFileReference section */
		03313603A6D86EF6C38BCD47 /* Pods-Original.debug.xcconfig */ = {isa = PBXFileReference; includeInIndex = 1; lastKnownFileType = text.xcconfig; name = "Pods-Original.debug.xcconfig"; path = "Pods/Target Support Files/Pods-Original/Pods-Original.debug.xcconfig"; sourceTree = "<group>"; };
		1E09382C1EB5B61E000B6900 /* hamburger02.gif */ = {isa = PBXFileReference; lastKnownFileType = image.gif; name = hamburger02.gif; path = ../../hamburger02.gif; sourceTree = "<group>"; };
		1E372CEC1ECB442900C5B4E2 /* OneDayViewController.swift */ = {isa = PBXFileReference; fileEncoding = 4; lastKnownFileType = sourcecode.swift; path = OneDayViewController.swift; sourceTree = "<group>"; };
		1E372CEE1ECB4DCB00C5B4E2 /* ごみ箱のフリーアイコン.png */ = {isa = PBXFileReference; lastKnownFileType = image.png; path = "ごみ箱のフリーアイコン.png"; sourceTree = "<group>"; };
		1E65E71A1EC8783E00AE9162 /* ClasstableViewController.swift */ = {isa = PBXFileReference; fileEncoding = 4; lastKnownFileType = sourcecode.swift; path = ClasstableViewController.swift; sourceTree = "<group>"; };
		1E65E71C1EC8881100AE9162 /* ClasstableCollectionViewCell.swift */ = {isa = PBXFileReference; fileEncoding = 4; lastKnownFileType = sourcecode.swift; path = ClasstableCollectionViewCell.swift; sourceTree = "<group>"; };
		1E7E33331EDAFC05004938FC /* 3.5inch.storyboard */ = {isa = PBXFileReference; fileEncoding = 4; lastKnownFileType = file.storyboard; path = 3.5inch.storyboard; sourceTree = "<group>"; };
		1E7E33391EDB1BD4004938FC /* StoryboardHelper.swift */ = {isa = PBXFileReference; fileEncoding = 4; lastKnownFileType = sourcecode.swift; path = StoryboardHelper.swift; sourceTree = "<group>"; };
		1EC324CB1EB4599A001E5AE9 /* Original.app */ = {isa = PBXFileReference; explicitFileType = wrapper.application; includeInIndex = 0; path = Original.app; sourceTree = BUILT_PRODUCTS_DIR; };
		1EC324CE1EB4599A001E5AE9 /* AppDelegate.swift */ = {isa = PBXFileReference; lastKnownFileType = sourcecode.swift; path = AppDelegate.swift; sourceTree = "<group>"; };
		1EC324D51EB4599A001E5AE9 /* Assets.xcassets */ = {isa = PBXFileReference; lastKnownFileType = folder.assetcatalog; path = Assets.xcassets; sourceTree = "<group>"; };
		1EC324DA1EB4599A001E5AE9 /* Info.plist */ = {isa = PBXFileReference; lastKnownFileType = text.plist.xml; path = Info.plist; sourceTree = "<group>"; };
		1EC324DF1EB4599A001E5AE9 /* OriginalTests.xctest */ = {isa = PBXFileReference; explicitFileType = wrapper.cfbundle; includeInIndex = 0; path = OriginalTests.xctest; sourceTree = BUILT_PRODUCTS_DIR; };
		1EC324E31EB4599A001E5AE9 /* OriginalTests.swift */ = {isa = PBXFileReference; lastKnownFileType = sourcecode.swift; path = OriginalTests.swift; sourceTree = "<group>"; };
		1EC324E51EB4599A001E5AE9 /* Info.plist */ = {isa = PBXFileReference; lastKnownFileType = text.plist.xml; path = Info.plist; sourceTree = "<group>"; };
		1EC324EA1EB4599A001E5AE9 /* OriginalUITests.xctest */ = {isa = PBXFileReference; explicitFileType = wrapper.cfbundle; includeInIndex = 0; path = OriginalUITests.xctest; sourceTree = BUILT_PRODUCTS_DIR; };
		1EC324EE1EB4599A001E5AE9 /* OriginalUITests.swift */ = {isa = PBXFileReference; lastKnownFileType = sourcecode.swift; path = OriginalUITests.swift; sourceTree = "<group>"; };
		1EC324F01EB4599A001E5AE9 /* Info.plist */ = {isa = PBXFileReference; lastKnownFileType = text.plist.xml; path = Info.plist; sourceTree = "<group>"; };
		1EC324FC1EB459DE001E5AE9 /* RootViewController.swift */ = {isa = PBXFileReference; fileEncoding = 4; lastKnownFileType = sourcecode.swift; path = RootViewController.swift; sourceTree = "<group>"; };
		1EC324FE1EB459F2001E5AE9 /* ContentViewController.swift */ = {isa = PBXFileReference; fileEncoding = 4; lastKnownFileType = sourcecode.swift; path = ContentViewController.swift; sourceTree = "<group>"; };
		1EC325001EB45A0B001E5AE9 /* RegisterViewController.swift */ = {isa = PBXFileReference; fileEncoding = 4; lastKnownFileType = sourcecode.swift; path = RegisterViewController.swift; sourceTree = "<group>"; };
		1EC325021EB45A69001E5AE9 /* MenuViewController.swift */ = {isa = PBXFileReference; fileEncoding = 4; lastKnownFileType = sourcecode.swift; path = MenuViewController.swift; sourceTree = "<group>"; };
		1EC325041EB45F36001E5AE9 /* menuButton.png */ = {isa = PBXFileReference; lastKnownFileType = image.png; name = menuButton.png; path = ../menuButton.png; sourceTree = "<group>"; };
		1EC325061EB45FF0001E5AE9 /* CalenderCellCollectionViewCell.swift */ = {isa = PBXFileReference; fileEncoding = 4; lastKnownFileType = sourcecode.swift; name = CalenderCellCollectionViewCell.swift; path = ../CalenderCellCollectionViewCell.swift; sourceTree = "<group>"; };
		1EC325081EB46120001E5AE9 /* DateManager.swift */ = {isa = PBXFileReference; fileEncoding = 4; lastKnownFileType = sourcecode.swift; path = DateManager.swift; sourceTree = "<group>"; };
		1EE6584A1ECD471A008F6395 /* Castom.swift */ = {isa = PBXFileReference; fileEncoding = 4; lastKnownFileType = sourcecode.swift; path = Castom.swift; sourceTree = "<group>"; };
		1EE6584E1ECD492B008F6395 /* TrashTableViewController.swift */ = {isa = PBXFileReference; fileEncoding = 4; lastKnownFileType = sourcecode.swift; path = TrashTableViewController.swift; sourceTree = "<group>"; };
		1EE889621EB47792003B330E /* DetailDayViewController.swift */ = {isa = PBXFileReference; fileEncoding = 4; lastKnownFileType = sourcecode.swift; path = DetailDayViewController.swift; sourceTree = "<group>"; };
		1EEA9C931EBEF54D00F0C826 /* TableViewController.swift */ = {isa = PBXFileReference; fileEncoding = 4; lastKnownFileType = sourcecode.swift; path = TableViewController.swift; sourceTree = "<group>"; };
		1EEA9C951EBEF60600F0C826 /* CreateViewController.swift */ = {isa = PBXFileReference; fileEncoding = 4; lastKnownFileType = sourcecode.swift; path = CreateViewController.swift; sourceTree = "<group>"; };
		1EEE65D91ECDE73600D882FD /* icon.png */ = {isa = PBXFileReference; lastKnownFileType = image.png; path = icon.png; sourceTree = "<group>"; };
		1EEE65DB1ECDEB1100D882FD /* DetailClassViewController.swift */ = {isa = PBXFileReference; fileEncoding = 4; lastKnownFileType = sourcecode.swift; path = DetailClassViewController.swift; sourceTree = "<group>"; };
		1EF0BE141EC9DD300066660C /* Base */ = {isa = PBXFileReference; lastKnownFileType = file.storyboard; name = Base; path = Base.lproj/Main.storyboard; sourceTree = "<group>"; };
		2AA25DFAE5E46FE83CA375CB /* Pods_Original.framework */ = {isa = PBXFileReference; explicitFileType = wrapper.framework; includeInIndex = 0; path = Pods_Original.framework; sourceTree = BUILT_PRODUCTS_DIR; };
		3DEFBCEC5B975DEE99F76AEC /* Pods-OriginalTests.debug.xcconfig */ = {isa = PBXFileReference; includeInIndex = 1; lastKnownFileType = text.xcconfig; name = "Pods-OriginalTests.debug.xcconfig"; path = "Pods/Target Support Files/Pods-OriginalTests/Pods-OriginalTests.debug.xcconfig"; sourceTree = "<group>"; };
		405F7960F9CB19D21D37972D /* Pods-Original.release.xcconfig */ = {isa = PBXFileReference; includeInIndex = 1; lastKnownFileType = text.xcconfig; name = "Pods-Original.release.xcconfig"; path = "Pods/Target Support Files/Pods-Original/Pods-Original.release.xcconfig"; sourceTree = "<group>"; };
		5BE9B2FDAA9F73004D1DAF23 /* Pods-OriginalUITests.debug.xcconfig */ = {isa = PBXFileReference; includeInIndex = 1; lastKnownFileType = text.xcconfig; name = "Pods-OriginalUITests.debug.xcconfig"; path = "Pods/Target Support Files/Pods-OriginalUITests/Pods-OriginalUITests.debug.xcconfig"; sourceTree = "<group>"; };
		7AD3D935A5182C5C1E4ADCCE /* Pods-OriginalTests.release.xcconfig */ = {isa = PBXFileReference; includeInIndex = 1; lastKnownFileType = text.xcconfig; name = "Pods-OriginalTests.release.xcconfig"; path = "Pods/Target Support Files/Pods-OriginalTests/Pods-OriginalTests.release.xcconfig"; sourceTree = "<group>"; };
		A299F2A3F5BB5A735D78EC34 /* Pods_OriginalTests.framework */ = {isa = PBXFileReference; explicitFileType = wrapper.framework; includeInIndex = 0; path = Pods_OriginalTests.framework; sourceTree = BUILT_PRODUCTS_DIR; };
		B96830B737D9D85D69C93173 /* Pods-OriginalUITests.release.xcconfig */ = {isa = PBXFileReference; includeInIndex = 1; lastKnownFileType = text.xcconfig; name = "Pods-OriginalUITests.release.xcconfig"; path = "Pods/Target Support Files/Pods-OriginalUITests/Pods-OriginalUITests.release.xcconfig"; sourceTree = "<group>"; };
		BB6F103D67302BF68EC50825 /* Pods_OriginalUITests.framework */ = {isa = PBXFileReference; explicitFileType = wrapper.framework; includeInIndex = 0; path = Pods_OriginalUITests.framework; sourceTree = BUILT_PRODUCTS_DIR; };
/* End PBXFileReference section */

/* Begin PBXFrameworksBuildPhase section */
		1EC324C81EB4599A001E5AE9 /* Frameworks */ = {
			isa = PBXFrameworksBuildPhase;
			buildActionMask = 2147483647;
			files = (
				AEE14D83C3C44CACB89AD3CC /* Pods_Original.framework in Frameworks */,
			);
			runOnlyForDeploymentPostprocessing = 0;
		};
		1EC324DC1EB4599A001E5AE9 /* Frameworks */ = {
			isa = PBXFrameworksBuildPhase;
			buildActionMask = 2147483647;
			files = (
				9BD02A2A52EE2FE9540D8C49 /* Pods_OriginalTests.framework in Frameworks */,
			);
			runOnlyForDeploymentPostprocessing = 0;
		};
		1EC324E71EB4599A001E5AE9 /* Frameworks */ = {
			isa = PBXFrameworksBuildPhase;
			buildActionMask = 2147483647;
			files = (
				4C6863C1B3BA847BE435D564 /* Pods_OriginalUITests.framework in Frameworks */,
			);
			runOnlyForDeploymentPostprocessing = 0;
		};
/* End PBXFrameworksBuildPhase section */

/* Begin PBXGroup section */
		1EC324C21EB4599A001E5AE9 = {
			isa = PBXGroup;
			children = (
				1E372CEC1ECB442900C5B4E2 /* OneDayViewController.swift */,
				1EEA9C951EBEF60600F0C826 /* CreateViewController.swift */,
				1EC324CD1EB4599A001E5AE9 /* Original */,
				1EC324E21EB4599A001E5AE9 /* OriginalTests */,
				1EC324ED1EB4599A001E5AE9 /* OriginalUITests */,
				1EC324CC1EB4599A001E5AE9 /* Products */,
				F7D8E88CFC09CB4EBD911615 /* Pods */,
				C7EF703FBFE4B8B85FAA13FA /* Frameworks */,
			);
			sourceTree = "<group>";
		};
		1EC324CC1EB4599A001E5AE9 /* Products */ = {
			isa = PBXGroup;
			children = (
				1EC324CB1EB4599A001E5AE9 /* Original.app */,
				1EC324DF1EB4599A001E5AE9 /* OriginalTests.xctest */,
				1EC324EA1EB4599A001E5AE9 /* OriginalUITests.xctest */,
			);
			name = Products;
			sourceTree = "<group>";
		};
		1EC324CD1EB4599A001E5AE9 /* Original */ = {
			isa = PBXGroup;
			children = (
				1EEE65D91ECDE73600D882FD /* icon.png */,
				1E372CEE1ECB4DCB00C5B4E2 /* ごみ箱のフリーアイコン.png */,
				1E65E71A1EC8783E00AE9162 /* ClasstableViewController.swift */,
				1EC325061EB45FF0001E5AE9 /* CalenderCellCollectionViewCell.swift */,
				1EC324CE1EB4599A001E5AE9 /* AppDelegate.swift */,
				1E7E33391EDB1BD4004938FC /* StoryboardHelper.swift */,
				1EEA9C931EBEF54D00F0C826 /* TableViewController.swift */,
				1EC324FC1EB459DE001E5AE9 /* RootViewController.swift */,
				1EF0BE131EC9DD300066660C /* Main.storyboard */,
				1E7E33331EDAFC05004938FC /* 3.5inch.storyboard */,
				1EEE65DB1ECDEB1100D882FD /* DetailClassViewController.swift */,
				1EE6584A1ECD471A008F6395 /* Castom.swift */,
				1EC324FE1EB459F2001E5AE9 /* ContentViewController.swift */,
				1EE6584E1ECD492B008F6395 /* TrashTableViewController.swift */,
				1EE889621EB47792003B330E /* DetailDayViewController.swift */,
				1EC325081EB46120001E5AE9 /* DateManager.swift */,
				1EC325021EB45A69001E5AE9 /* MenuViewController.swift */,
				1EC325001EB45A0B001E5AE9 /* RegisterViewController.swift */,
				1E65E71C1EC8881100AE9162 /* ClasstableCollectionViewCell.swift */,
				1EC324D51EB4599A001E5AE9 /* Assets.xcassets */,
				1EC324DA1EB4599A001E5AE9 /* Info.plist */,
				1EC325041EB45F36001E5AE9 /* menuButton.png */,
				1E09382C1EB5B61E000B6900 /* hamburger02.gif */,
			);
			path = Original;
			sourceTree = "<group>";
		};
		1EC324E21EB4599A001E5AE9 /* OriginalTests */ = {
			isa = PBXGroup;
			children = (
				1EC324E31EB4599A001E5AE9 /* OriginalTests.swift */,
				1EC324E51EB4599A001E5AE9 /* Info.plist */,
			);
			path = OriginalTests;
			sourceTree = "<group>";
		};
		1EC324ED1EB4599A001E5AE9 /* OriginalUITests */ = {
			isa = PBXGroup;
			children = (
				1EC324EE1EB4599A001E5AE9 /* OriginalUITests.swift */,
				1EC324F01EB4599A001E5AE9 /* Info.plist */,
			);
			path = OriginalUITests;
			sourceTree = "<group>";
		};
		C7EF703FBFE4B8B85FAA13FA /* Frameworks */ = {
			isa = PBXGroup;
			children = (
				2AA25DFAE5E46FE83CA375CB /* Pods_Original.framework */,
				A299F2A3F5BB5A735D78EC34 /* Pods_OriginalTests.framework */,
				BB6F103D67302BF68EC50825 /* Pods_OriginalUITests.framework */,
			);
			name = Frameworks;
			sourceTree = "<group>";
		};
		F7D8E88CFC09CB4EBD911615 /* Pods */ = {
			isa = PBXGroup;
			children = (
				03313603A6D86EF6C38BCD47 /* Pods-Original.debug.xcconfig */,
				405F7960F9CB19D21D37972D /* Pods-Original.release.xcconfig */,
				3DEFBCEC5B975DEE99F76AEC /* Pods-OriginalTests.debug.xcconfig */,
				7AD3D935A5182C5C1E4ADCCE /* Pods-OriginalTests.release.xcconfig */,
				5BE9B2FDAA9F73004D1DAF23 /* Pods-OriginalUITests.debug.xcconfig */,
				B96830B737D9D85D69C93173 /* Pods-OriginalUITests.release.xcconfig */,
			);
			name = Pods;
			sourceTree = "<group>";
		};
/* End PBXGroup section */

/* Begin PBXNativeTarget section */
		1EC324CA1EB4599A001E5AE9 /* Original */ = {
			isa = PBXNativeTarget;
			buildConfigurationList = 1EC324F31EB4599A001E5AE9 /* Build configuration list for PBXNativeTarget "Original" */;
			buildPhases = (
				943075F71CDC4D0F3066EAB6 /* [CP] Check Pods Manifest.lock */,
				1EC324C71EB4599A001E5AE9 /* Sources */,
				1EC324C81EB4599A001E5AE9 /* Frameworks */,
				1EC324C91EB4599A001E5AE9 /* Resources */,
				FA38543DDC6F8CA1DC5A2A28 /* [CP] Embed Pods Frameworks */,
				07EEF90450B417D0133F6F38 /* [CP] Copy Pods Resources */,
			);
			buildRules = (
			);
			dependencies = (
			);
			name = Original;
			productName = Original;
			productReference = 1EC324CB1EB4599A001E5AE9 /* Original.app */;
			productType = "com.apple.product-type.application";
		};
		1EC324DE1EB4599A001E5AE9 /* OriginalTests */ = {
			isa = PBXNativeTarget;
			buildConfigurationList = 1EC324F61EB4599A001E5AE9 /* Build configuration list for PBXNativeTarget "OriginalTests" */;
			buildPhases = (
				CF952E9041822CEC1E860DCA /* [CP] Check Pods Manifest.lock */,
				1EC324DB1EB4599A001E5AE9 /* Sources */,
				1EC324DC1EB4599A001E5AE9 /* Frameworks */,
				1EC324DD1EB4599A001E5AE9 /* Resources */,
				3B17D8CEDFE0086186479F13 /* [CP] Embed Pods Frameworks */,
				F17921BAC1B3CE6B68A14329 /* [CP] Copy Pods Resources */,
			);
			buildRules = (
			);
			dependencies = (
				1EC324E11EB4599A001E5AE9 /* PBXTargetDependency */,
			);
			name = OriginalTests;
			productName = OriginalTests;
			productReference = 1EC324DF1EB4599A001E5AE9 /* OriginalTests.xctest */;
			productType = "com.apple.product-type.bundle.unit-test";
		};
		1EC324E91EB4599A001E5AE9 /* OriginalUITests */ = {
			isa = PBXNativeTarget;
			buildConfigurationList = 1EC324F91EB4599A001E5AE9 /* Build configuration list for PBXNativeTarget "OriginalUITests" */;
			buildPhases = (
				786875C402FC917AC7A89EA2 /* [CP] Check Pods Manifest.lock */,
				1EC324E61EB4599A001E5AE9 /* Sources */,
				1EC324E71EB4599A001E5AE9 /* Frameworks */,
				1EC324E81EB4599A001E5AE9 /* Resources */,
				770820861AF4B421F768170F /* [CP] Embed Pods Frameworks */,
				DB2430078E24B49F0F79AE8F /* [CP] Copy Pods Resources */,
			);
			buildRules = (
			);
			dependencies = (
				1EC324EC1EB4599A001E5AE9 /* PBXTargetDependency */,
			);
			name = OriginalUITests;
			productName = OriginalUITests;
			productReference = 1EC324EA1EB4599A001E5AE9 /* OriginalUITests.xctest */;
			productType = "com.apple.product-type.bundle.ui-testing";
		};
/* End PBXNativeTarget section */

/* Begin PBXProject section */
		1EC324C31EB4599A001E5AE9 /* Project object */ = {
			isa = PBXProject;
			attributes = {
				LastSwiftUpdateCheck = 0820;
				LastUpgradeCheck = 0820;
				ORGANIZATIONNAME = litech;
				TargetAttributes = {
					1EC324CA1EB4599A001E5AE9 = {
						CreatedOnToolsVersion = 8.2.1;
						DevelopmentTeam = Z6FS5NE566;
						ProvisioningStyle = Automatic;
					};
					1EC324DE1EB4599A001E5AE9 = {
						CreatedOnToolsVersion = 8.2.1;
						DevelopmentTeam = Z6FS5NE566;
						ProvisioningStyle = Automatic;
						TestTargetID = 1EC324CA1EB4599A001E5AE9;
					};
					1EC324E91EB4599A001E5AE9 = {
						CreatedOnToolsVersion = 8.2.1;
						DevelopmentTeam = Z6FS5NE566;
						ProvisioningStyle = Automatic;
						TestTargetID = 1EC324CA1EB4599A001E5AE9;
					};
				};
			};
			buildConfigurationList = 1EC324C61EB4599A001E5AE9 /* Build configuration list for PBXProject "Original" */;
			compatibilityVersion = "Xcode 3.2";
			developmentRegion = English;
			hasScannedForEncodings = 0;
			knownRegions = (
				en,
				Base,
			);
			mainGroup = 1EC324C21EB4599A001E5AE9;
			productRefGroup = 1EC324CC1EB4599A001E5AE9 /* Products */;
			projectDirPath = "";
			projectRoot = "";
			targets = (
				1EC324CA1EB4599A001E5AE9 /* Original */,
				1EC324DE1EB4599A001E5AE9 /* OriginalTests */,
				1EC324E91EB4599A001E5AE9 /* OriginalUITests */,
			);
		};
/* End PBXProject section */

/* Begin PBXResourcesBuildPhase section */
		1EC324C91EB4599A001E5AE9 /* Resources */ = {
			isa = PBXResourcesBuildPhase;
			buildActionMask = 2147483647;
			files = (
				1EEE65DA1ECDE73600D882FD /* icon.png in Resources */,
				1EF0BE151EC9DD300066660C /* Main.storyboard in Resources */,
				1EC324D61EB4599A001E5AE9 /* Assets.xcassets in Resources */,
				1E7E33341EDAFC05004938FC /* 3.5inch.storyboard in Resources */,
				1EC325051EB45F36001E5AE9 /* menuButton.png in Resources */,
				1E372CEF1ECB4DCB00C5B4E2 /* ごみ箱のフリーアイコン.png in Resources */,
				1E09382D1EB5B61E000B6900 /* hamburger02.gif in Resources */,
			);
			runOnlyForDeploymentPostprocessing = 0;
		};
		1EC324DD1EB4599A001E5AE9 /* Resources */ = {
			isa = PBXResourcesBuildPhase;
			buildActionMask = 2147483647;
			files = (
			);
			runOnlyForDeploymentPostprocessing = 0;
		};
		1EC324E81EB4599A001E5AE9 /* Resources */ = {
			isa = PBXResourcesBuildPhase;
			buildActionMask = 2147483647;
			files = (
			);
			runOnlyForDeploymentPostprocessing = 0;
		};
/* End PBXResourcesBuildPhase section */

/* Begin PBXShellScriptBuildPhase section */
		07EEF90450B417D0133F6F38 /* [CP] Copy Pods Resources */ = {
			isa = PBXShellScriptBuildPhase;
			buildActionMask = 2147483647;
			files = (
			);
			inputPaths = (
			);
			name = "[CP] Copy Pods Resources";
			outputPaths = (
			);
			runOnlyForDeploymentPostprocessing = 0;
			shellPath = /bin/sh;
			shellScript = "\"${SRCROOT}/Pods/Target Support Files/Pods-Original/Pods-Original-resources.sh\"\n";
			showEnvVarsInLog = 0;
		};
		3B17D8CEDFE0086186479F13 /* [CP] Embed Pods Frameworks */ = {
			isa = PBXShellScriptBuildPhase;
			buildActionMask = 2147483647;
			files = (
			);
			inputPaths = (
			);
			name = "[CP] Embed Pods Frameworks";
			outputPaths = (
			);
			runOnlyForDeploymentPostprocessing = 0;
			shellPath = /bin/sh;
			shellScript = "\"${SRCROOT}/Pods/Target Support Files/Pods-OriginalTests/Pods-OriginalTests-frameworks.sh\"\n";
			showEnvVarsInLog = 0;
		};
		770820861AF4B421F768170F /* [CP] Embed Pods Frameworks */ = {
			isa = PBXShellScriptBuildPhase;
			buildActionMask = 2147483647;
			files = (
			);
			inputPaths = (
			);
			name = "[CP] Embed Pods Frameworks";
			outputPaths = (
			);
			runOnlyForDeploymentPostprocessing = 0;
			shellPath = /bin/sh;
			shellScript = "\"${SRCROOT}/Pods/Target Support Files/Pods-OriginalUITests/Pods-OriginalUITests-frameworks.sh\"\n";
			showEnvVarsInLog = 0;
		};
		786875C402FC917AC7A89EA2 /* [CP] Check Pods Manifest.lock */ = {
			isa = PBXShellScriptBuildPhase;
			buildActionMask = 2147483647;
			files = (
			);
			inputPaths = (
			);
			name = "[CP] Check Pods Manifest.lock";
			outputPaths = (
			);
			runOnlyForDeploymentPostprocessing = 0;
			shellPath = /bin/sh;
			shellScript = "diff \"${PODS_PODFILE_DIR_PATH}/Podfile.lock\" \"${PODS_ROOT}/Manifest.lock\" > /dev/null\nif [ $? != 0 ] ; then\n    # print error to STDERR\n    echo \"error: The sandbox is not in sync with the Podfile.lock. Run 'pod install' or update your CocoaPods installation.\" >&2\n    exit 1\nfi\n";
			showEnvVarsInLog = 0;
		};
		943075F71CDC4D0F3066EAB6 /* [CP] Check Pods Manifest.lock */ = {
			isa = PBXShellScriptBuildPhase;
			buildActionMask = 2147483647;
			files = (
			);
			inputPaths = (
			);
			name = "[CP] Check Pods Manifest.lock";
			outputPaths = (
			);
			runOnlyForDeploymentPostprocessing = 0;
			shellPath = /bin/sh;
			shellScript = "diff \"${PODS_PODFILE_DIR_PATH}/Podfile.lock\" \"${PODS_ROOT}/Manifest.lock\" > /dev/null\nif [ $? != 0 ] ; then\n    # print error to STDERR\n    echo \"error: The sandbox is not in sync with the Podfile.lock. Run 'pod install' or update your CocoaPods installation.\" >&2\n    exit 1\nfi\n";
			showEnvVarsInLog = 0;
		};
		CF952E9041822CEC1E860DCA /* [CP] Check Pods Manifest.lock */ = {
			isa = PBXShellScriptBuildPhase;
			buildActionMask = 2147483647;
			files = (
			);
			inputPaths = (
			);
			name = "[CP] Check Pods Manifest.lock";
			outputPaths = (
			);
			runOnlyForDeploymentPostprocessing = 0;
			shellPath = /bin/sh;
			shellScript = "diff \"${PODS_PODFILE_DIR_PATH}/Podfile.lock\" \"${PODS_ROOT}/Manifest.lock\" > /dev/null\nif [ $? != 0 ] ; then\n    # print error to STDERR\n    echo \"error: The sandbox is not in sync with the Podfile.lock. Run 'pod install' or update your CocoaPods installation.\" >&2\n    exit 1\nfi\n";
			showEnvVarsInLog = 0;
		};
		DB2430078E24B49F0F79AE8F /* [CP] Copy Pods Resources */ = {
			isa = PBXShellScriptBuildPhase;
			buildActionMask = 2147483647;
			files = (
			);
			inputPaths = (
			);
			name = "[CP] Copy Pods Resources";
			outputPaths = (
			);
			runOnlyForDeploymentPostprocessing = 0;
			shellPath = /bin/sh;
			shellScript = "\"${SRCROOT}/Pods/Target Support Files/Pods-OriginalUITests/Pods-OriginalUITests-resources.sh\"\n";
			showEnvVarsInLog = 0;
		};
		F17921BAC1B3CE6B68A14329 /* [CP] Copy Pods Resources */ = {
			isa = PBXShellScriptBuildPhase;
			buildActionMask = 2147483647;
			files = (
			);
			inputPaths = (
			);
			name = "[CP] Copy Pods Resources";
			outputPaths = (
			);
			runOnlyForDeploymentPostprocessing = 0;
			shellPath = /bin/sh;
			shellScript = "\"${SRCROOT}/Pods/Target Support Files/Pods-OriginalTests/Pods-OriginalTests-resources.sh\"\n";
			showEnvVarsInLog = 0;
		};
		FA38543DDC6F8CA1DC5A2A28 /* [CP] Embed Pods Frameworks */ = {
			isa = PBXShellScriptBuildPhase;
			buildActionMask = 2147483647;
			files = (
			);
			inputPaths = (
			);
			name = "[CP] Embed Pods Frameworks";
			outputPaths = (
			);
			runOnlyForDeploymentPostprocessing = 0;
			shellPath = /bin/sh;
			shellScript = "\"${SRCROOT}/Pods/Target Support Files/Pods-Original/Pods-Original-frameworks.sh\"\n";
			showEnvVarsInLog = 0;
		};
/* End PBXShellScriptBuildPhase section */

/* Begin PBXSourcesBuildPhase section */
		1EC324C71EB4599A001E5AE9 /* Sources */ = {
			isa = PBXSourcesBuildPhase;
			buildActionMask = 2147483647;
			files = (
				1EEA9C961EBEF60600F0C826 /* CreateViewController.swift in Sources */,
				1EE6584F1ECD492B008F6395 /* TrashTableViewController.swift in Sources */,
				1EEE65DC1ECDEB1100D882FD /* DetailClassViewController.swift in Sources */,
				1EC324FF1EB459F2001E5AE9 /* ContentViewController.swift in Sources */,
				1EC325031EB45A69001E5AE9 /* MenuViewController.swift in Sources */,
				1E7E333A1EDB1BD4004938FC /* StoryboardHelper.swift in Sources */,
				1EC325011EB45A0B001E5AE9 /* RegisterViewController.swift in Sources */,
				1EEA9C941EBEF54D00F0C826 /* TableViewController.swift in Sources */,
				1E65E71B1EC8783E00AE9162 /* ClasstableViewController.swift in Sources */,
				1E65E71D1EC8881100AE9162 /* ClasstableCollectionViewCell.swift in Sources */,
				1EC324CF1EB4599A001E5AE9 /* AppDelegate.swift in Sources */,
				1EC325091EB46120001E5AE9 /* DateManager.swift in Sources */,
				1EC324FD1EB459DE001E5AE9 /* RootViewController.swift in Sources */,
				1EE6584B1ECD471A008F6395 /* Castom.swift in Sources */,
				1EC325071EB45FF0001E5AE9 /* CalenderCellCollectionViewCell.swift in Sources */,
				1EE889631EB47792003B330E /* DetailDayViewController.swift in Sources */,
				1E372CED1ECB442900C5B4E2 /* OneDayViewController.swift in Sources */,
			);
			runOnlyForDeploymentPostprocessing = 0;
		};
		1EC324DB1EB4599A001E5AE9 /* Sources */ = {
			isa = PBXSourcesBuildPhase;
			buildActionMask = 2147483647;
			files = (
				1EC324E41EB4599A001E5AE9 /* OriginalTests.swift in Sources */,
			);
			runOnlyForDeploymentPostprocessing = 0;
		};
		1EC324E61EB4599A001E5AE9 /* Sources */ = {
			isa = PBXSourcesBuildPhase;
			buildActionMask = 2147483647;
			files = (
				1EC324EF1EB4599A001E5AE9 /* OriginalUITests.swift in Sources */,
			);
			runOnlyForDeploymentPostprocessing = 0;
		};
/* End PBXSourcesBuildPhase section */

/* Begin PBXTargetDependency section */
		1EC324E11EB4599A001E5AE9 /* PBXTargetDependency */ = {
			isa = PBXTargetDependency;
			target = 1EC324CA1EB4599A001E5AE9 /* Original */;
			targetProxy = 1EC324E01EB4599A001E5AE9 /* PBXContainerItemProxy */;
		};
		1EC324EC1EB4599A001E5AE9 /* PBXTargetDependency */ = {
			isa = PBXTargetDependency;
			target = 1EC324CA1EB4599A001E5AE9 /* Original */;
			targetProxy = 1EC324EB1EB4599A001E5AE9 /* PBXContainerItemProxy */;
		};
/* End PBXTargetDependency section */

/* Begin PBXVariantGroup section */
		1EF0BE131EC9DD300066660C /* Main.storyboard */ = {
			isa = PBXVariantGroup;
			children = (
				1EF0BE141EC9DD300066660C /* Base */,
			);
			name = Main.storyboard;
			sourceTree = "<group>";
		};
/* End PBXVariantGroup section */

/* Begin XCBuildConfiguration section */
		1EC324F11EB4599A001E5AE9 /* Debug */ = {
			isa = XCBuildConfiguration;
			buildSettings = {
				ALWAYS_SEARCH_USER_PATHS = NO;
				CLANG_ANALYZER_NONNULL = YES;
				CLANG_CXX_LANGUAGE_STANDARD = "gnu++0x";
				CLANG_CXX_LIBRARY = "libc++";
				CLANG_ENABLE_MODULES = YES;
				CLANG_ENABLE_OBJC_ARC = YES;
				CLANG_WARN_BOOL_CONVERSION = YES;
				CLANG_WARN_CONSTANT_CONVERSION = YES;
				CLANG_WARN_DIRECT_OBJC_ISA_USAGE = YES_ERROR;
				CLANG_WARN_DOCUMENTATION_COMMENTS = YES;
				CLANG_WARN_EMPTY_BODY = YES;
				CLANG_WARN_ENUM_CONVERSION = YES;
				CLANG_WARN_INFINITE_RECURSION = YES;
				CLANG_WARN_INT_CONVERSION = YES;
				CLANG_WARN_OBJC_ROOT_CLASS = YES_ERROR;
				CLANG_WARN_SUSPICIOUS_MOVE = YES;
				CLANG_WARN_UNREACHABLE_CODE = YES;
				CLANG_WARN__DUPLICATE_METHOD_MATCH = YES;
				"CODE_SIGN_IDENTITY[sdk=iphoneos*]" = "iPhone Developer";
				COPY_PHASE_STRIP = NO;
				DEBUG_INFORMATION_FORMAT = dwarf;
				ENABLE_STRICT_OBJC_MSGSEND = YES;
				ENABLE_TESTABILITY = YES;
				GCC_C_LANGUAGE_STANDARD = gnu99;
				GCC_DYNAMIC_NO_PIC = NO;
				GCC_NO_COMMON_BLOCKS = YES;
				GCC_OPTIMIZATION_LEVEL = 0;
				GCC_PREPROCESSOR_DEFINITIONS = (
					"DEBUG=1",
					"$(inherited)",
				);
				GCC_WARN_64_TO_32_BIT_CONVERSION = YES;
				GCC_WARN_ABOUT_RETURN_TYPE = YES_ERROR;
				GCC_WARN_UNDECLARED_SELECTOR = YES;
				GCC_WARN_UNINITIALIZED_AUTOS = YES_AGGRESSIVE;
				GCC_WARN_UNUSED_FUNCTION = YES;
				GCC_WARN_UNUSED_VARIABLE = YES;
				IPHONEOS_DEPLOYMENT_TARGET = 10.2;
				MTL_ENABLE_DEBUG_INFO = YES;
				ONLY_ACTIVE_ARCH = YES;
				SDKROOT = iphoneos;
				SWIFT_ACTIVE_COMPILATION_CONDITIONS = DEBUG;
				SWIFT_OPTIMIZATION_LEVEL = "-Onone";
			};
			name = Debug;
		};
		1EC324F21EB4599A001E5AE9 /* Release */ = {
			isa = XCBuildConfiguration;
			buildSettings = {
				ALWAYS_SEARCH_USER_PATHS = NO;
				CLANG_ANALYZER_NONNULL = YES;
				CLANG_CXX_LANGUAGE_STANDARD = "gnu++0x";
				CLANG_CXX_LIBRARY = "libc++";
				CLANG_ENABLE_MODULES = YES;
				CLANG_ENABLE_OBJC_ARC = YES;
				CLANG_WARN_BOOL_CONVERSION = YES;
				CLANG_WARN_CONSTANT_CONVERSION = YES;
				CLANG_WARN_DIRECT_OBJC_ISA_USAGE = YES_ERROR;
				CLANG_WARN_DOCUMENTATION_COMMENTS = YES;
				CLANG_WARN_EMPTY_BODY = YES;
				CLANG_WARN_ENUM_CONVERSION = YES;
				CLANG_WARN_INFINITE_RECURSION = YES;
				CLANG_WARN_INT_CONVERSION = YES;
				CLANG_WARN_OBJC_ROOT_CLASS = YES_ERROR;
				CLANG_WARN_SUSPICIOUS_MOVE = YES;
				CLANG_WARN_UNREACHABLE_CODE = YES;
				CLANG_WARN__DUPLICATE_METHOD_MATCH = YES;
				"CODE_SIGN_IDENTITY[sdk=iphoneos*]" = "iPhone Developer";
				COPY_PHASE_STRIP = NO;
				DEBUG_INFORMATION_FORMAT = "dwarf-with-dsym";
				ENABLE_NS_ASSERTIONS = NO;
				ENABLE_STRICT_OBJC_MSGSEND = YES;
				GCC_C_LANGUAGE_STANDARD = gnu99;
				GCC_NO_COMMON_BLOCKS = YES;
				GCC_WARN_64_TO_32_BIT_CONVERSION = YES;
				GCC_WARN_ABOUT_RETURN_TYPE = YES_ERROR;
				GCC_WARN_UNDECLARED_SELECTOR = YES;
				GCC_WARN_UNINITIALIZED_AUTOS = YES_AGGRESSIVE;
				GCC_WARN_UNUSED_FUNCTION = YES;
				GCC_WARN_UNUSED_VARIABLE = YES;
				IPHONEOS_DEPLOYMENT_TARGET = 10.2;
				MTL_ENABLE_DEBUG_INFO = NO;
				SDKROOT = iphoneos;
				SWIFT_OPTIMIZATION_LEVEL = "-Owholemodule";
				VALIDATE_PRODUCT = YES;
			};
			name = Release;
		};
		1EC324F41EB4599A001E5AE9 /* Debug */ = {
			isa = XCBuildConfiguration;
			baseConfigurationReference = 03313603A6D86EF6C38BCD47 /* Pods-Original.debug.xcconfig */;
			buildSettings = {
				ASSETCATALOG_COMPILER_APPICON_NAME = AppIcon;
				CODE_SIGN_IDENTITY = "iPhone Developer";
				"CODE_SIGN_IDENTITY[sdk=iphoneos*]" = "iPhone Developer";
				DEVELOPMENT_TEAM = Z6FS5NE566;
				INFOPLIST_FILE = Original/Info.plist;
				LD_RUNPATH_SEARCH_PATHS = "$(inherited) @executable_path/Frameworks";
				PRODUCT_BUNDLE_IDENTIFIER = Com.Nanami.OriginalApp;
				PRODUCT_NAME = "$(TARGET_NAME)";
				SWIFT_VERSION = 3.0;
				TARGETED_DEVICE_FAMILY = 1;
			};
			name = Debug;
		};
		1EC324F51EB4599A001E5AE9 /* Release */ = {
			isa = XCBuildConfiguration;
			baseConfigurationReference = 405F7960F9CB19D21D37972D /* Pods-Original.release.xcconfig */;
			buildSettings = {
				ASSETCATALOG_COMPILER_APPICON_NAME = AppIcon;
				CODE_SIGN_IDENTITY = "iPhone Developer";
				"CODE_SIGN_IDENTITY[sdk=iphoneos*]" = "iPhone Developer";
				DEVELOPMENT_TEAM = Z6FS5NE566;
				INFOPLIST_FILE = Original/Info.plist;
				LD_RUNPATH_SEARCH_PATHS = "$(inherited) @executable_path/Frameworks";
				PRODUCT_BUNDLE_IDENTIFIER = Com.Nanami.OriginalApp;
				PRODUCT_NAME = "$(TARGET_NAME)";
				SWIFT_VERSION = 3.0;
				TARGETED_DEVICE_FAMILY = 1;
			};
			name = Release;
		};
		1EC324F71EB4599A001E5AE9 /* Debug */ = {
			isa = XCBuildConfiguration;
			baseConfigurationReference = 3DEFBCEC5B975DEE99F76AEC /* Pods-OriginalTests.debug.xcconfig */;
			buildSettings = {
				ALWAYS_EMBED_SWIFT_STANDARD_LIBRARIES = YES;
				BUNDLE_LOADER = "$(TEST_HOST)";
				DEVELOPMENT_TEAM = Z6FS5NE566;
				INFOPLIST_FILE = OriginalTests/Info.plist;
				LD_RUNPATH_SEARCH_PATHS = "$(inherited) @executable_path/Frameworks @loader_path/Frameworks";
				PRODUCT_BUNDLE_IDENTIFIER = Com.litech.OriginalTests;
				PRODUCT_NAME = "$(TARGET_NAME)";
				SWIFT_VERSION = 3.0;
				TEST_HOST = "$(BUILT_PRODUCTS_DIR)/Original.app/Original";
			};
			name = Debug;
		};
		1EC324F81EB4599A001E5AE9 /* Release */ = {
			isa = XCBuildConfiguration;
			baseConfigurationReference = 7AD3D935A5182C5C1E4ADCCE /* Pods-OriginalTests.release.xcconfig */;
			buildSettings = {
				ALWAYS_EMBED_SWIFT_STANDARD_LIBRARIES = YES;
				BUNDLE_LOADER = "$(TEST_HOST)";
				DEVELOPMENT_TEAM = Z6FS5NE566;
				INFOPLIST_FILE = OriginalTests/Info.plist;
				LD_RUNPATH_SEARCH_PATHS = "$(inherited) @executable_path/Frameworks @loader_path/Frameworks";
				PRODUCT_BUNDLE_IDENTIFIER = Com.litech.OriginalTests;
				PRODUCT_NAME = "$(TARGET_NAME)";
				SWIFT_VERSION = 3.0;
				TEST_HOST = "$(BUILT_PRODUCTS_DIR)/Original.app/Original";
			};
			name = Release;
		};
		1EC324FA1EB4599A001E5AE9 /* Debug */ = {
			isa = XCBuildConfiguration;
			baseConfigurationReference = 5BE9B2FDAA9F73004D1DAF23 /* Pods-OriginalUITests.debug.xcconfig */;
			buildSettings = {
				ALWAYS_EMBED_SWIFT_STANDARD_LIBRARIES = YES;
				DEVELOPMENT_TEAM = Z6FS5NE566;
				INFOPLIST_FILE = OriginalUITests/Info.plist;
				LD_RUNPATH_SEARCH_PATHS = "$(inherited) @executable_path/Frameworks @loader_path/Frameworks";
				PRODUCT_BUNDLE_IDENTIFIER = Com.litech.OriginalUITests;
				PRODUCT_NAME = "$(TARGET_NAME)";
				SWIFT_VERSION = 3.0;
				TEST_TARGET_NAME = Original;
			};
			name = Debug;
		};
		1EC324FB1EB4599A001E5AE9 /* Release */ = {
			isa = XCBuildConfiguration;
			baseConfigurationReference = B96830B737D9D85D69C93173 /* Pods-OriginalUITests.release.xcconfig */;
			buildSettings = {
				ALWAYS_EMBED_SWIFT_STANDARD_LIBRARIES = YES;
				DEVELOPMENT_TEAM = Z6FS5NE566;
				INFOPLIST_FILE = OriginalUITests/Info.plist;
				LD_RUNPATH_SEARCH_PATHS = "$(inherited) @executable_path/Frameworks @loader_path/Frameworks";
				PRODUCT_BUNDLE_IDENTIFIER = Com.litech.OriginalUITests;
				PRODUCT_NAME = "$(TARGET_NAME)";
				SWIFT_VERSION = 3.0;
				TEST_TARGET_NAME = Original;
			};
			name = Release;
		};
/* End XCBuildConfiguration section */

/* Begin XCConfigurationList section */
		1EC324C61EB4599A001E5AE9 /* Build configuration list for PBXProject "Original" */ = {
			isa = XCConfigurationList;
			buildConfigurations = (
				1EC324F11EB4599A001E5AE9 /* Debug */,
				1EC324F21EB4599A001E5AE9 /* Release */,
			);
			defaultConfigurationIsVisible = 0;
			defaultConfigurationName = Release;
		};
		1EC324F31EB4599A001E5AE9 /* Build configuration list for PBXNativeTarget "Original" */ = {
			isa = XCConfigurationList;
			buildConfigurations = (
				1EC324F41EB4599A001E5AE9 /* Debug */,
				1EC324F51EB4599A001E5AE9 /* Release */,
			);
			defaultConfigurationIsVisible = 0;
			defaultConfigurationName = Release;
		};
		1EC324F61EB4599A001E5AE9 /* Build configuration list for PBXNativeTarget "OriginalTests" */ = {
			isa = XCConfigurationList;
			buildConfigurations = (
				1EC324F71EB4599A001E5AE9 /* Debug */,
				1EC324F81EB4599A001E5AE9 /* Release */,
			);
			defaultConfigurationIsVisible = 0;
			defaultConfigurationName = Release;
		};
		1EC324F91EB4599A001E5AE9 /* Build configuration list for PBXNativeTarget "OriginalUITests" */ = {
			isa = XCConfigurationList;
			buildConfigurations = (
				1EC324FA1EB4599A001E5AE9 /* Debug */,
				1EC324FB1EB4599A001E5AE9 /* Release */,
			);
			defaultConfigurationIsVisible = 0;
			defaultConfigurationName = Release;
		};
/* End XCConfigurationList section */
	};
	rootObject = 1EC324C31EB4599A001E5AE9 /* Project object */;
}
